
Microsoft Visual Studio Solution File, Format Version 12.00
# Visual Studio 15
VisualStudioVersion = 15.0.28010.2016
MinimumVisualStudioVersion = 10.0.40219.1
Project("{8BC9CEB8-8B4A-11D0-8D11-00A0C91BC942}") = "hw4", "hw4\hw4.vcxproj", "{66A625A0-F9BC-4E9A-9D0E-4B9493D4B3C2}"
EndProject
Global
	GlobalSection(SolutionConfigurationPlatforms) = preSolution
		Debug|x64 = Debug|x64
		Debug|x86 = Debug|x86
		Release|x64 = Release|x64
		Release|x86 = Release|x86
	EndGlobalSection
	GlobalSection(ProjectConfigurationPlatforms) = postSolution
		{66A625A0-F9BC-4E9A-9D0E-4B9493D4B3C2}.Debug|x64.ActiveCfg = Debug|x64
		{66A625A0-F9BC-4E9A-9D0E-4B9493D4B3C2}.Debug|x64.Build.0 = Debug|x64
		{66A625A0-F9BC-4E9A-9D0E-4B9493D4B3C2}.Debug|x86.ActiveCfg = Debug|Win32
		{66A625A0-F9BC-4E9A-9D0E-4B9493D4B3C2}.Debug|x86.Build.0 = Debug|Win32
		{66A625A0-F9BC-4E9A-9D0E-4B9493D4B3C2}.Release|x64.ActiveCfg = Release|x64
		{66A625A0-F9BC-4E9A-9D0E-4B9493D4B3C2}.Release|x64.Build.0 = Release|x64
		{66A625A0-F9BC-4E9A-9D0E-4B9493D4B3C2}.Release|x86.ActiveCfg = Release|Win32
		{66A625A0-F9BC-4E9A-9D0E-4B9493D4B3C2}.Release|x86.Build.0 = Release|Win32
	EndGlobalSection
	GlobalSection(SolutionProperties) = preSolution
		HideSolutionNode = FALSE
	EndGlobalSection
	GlobalSection(ExtensibilityGlobals) = postSolution
		SolutionGuid = {C4EDE935-AA2D-42E9-8674-5CF07ACD2EB4}
	EndGlobalSection
EndGlobal
